
Microsoft Visual Studio Solution File, Format Version 12.00
# Visual Studio Version 17
VisualStudioVersion = 17.1.32421.90
MinimumVisualStudioVersion = 10.0.40219.1
Project("{FAE04EC0-301F-11D3-BF4B-00C04F79EFBC}") = "desafio-email", "desafio-email.csproj", "{71C33804-17B9-4B50-BC6F-2D6EC7766129}"
EndProject
Global
	GlobalSection(SolutionConfigurationPlatforms) = preSolution
		Debug|Any CPU = Debug|Any CPU
		Release|Any CPU = Release|Any CPU
	EndGlobalSection
	GlobalSection(ProjectConfigurationPlatforms) = postSolution
		{71C33804-17B9-4B50-BC6F-2D6EC7766129}.Debug|Any CPU.ActiveCfg = Debug|Any CPU
		{71C33804-17B9-4B50-BC6F-2D6EC7766129}.Debug|Any CPU.Build.0 = Debug|Any CPU
		{71C33804-17B9-4B50-BC6F-2D6EC7766129}.Release|Any CPU.ActiveCfg = Release|Any CPU
		{71C33804-17B9-4B50-BC6F-2D6EC7766129}.Release|Any CPU.Build.0 = Release|Any CPU
	EndGlobalSection
	GlobalSection(SolutionProperties) = preSolution
		HideSolutionNode = FALSE
	EndGlobalSection
	GlobalSection(ExtensibilityGlobals) = postSolution
		SolutionGuid = {14058B67-890D-4834-B403-08C337F76DAB}
	EndGlobalSection
EndGlobal
